
Microsoft Visual Studio Solution File, Format Version 12.00
# Visual Studio Version 17
VisualStudioVersion = 17.0.32112.339
MinimumVisualStudioVersion = 10.0.40219.1
Project("{9A19103F-16F7-4668-BE54-9A1E7A4F7556}") = "LibGGPK3", "LibGGPK3\LibGGPK3.csproj", "{8E31CD36-4D72-40E7-87F0-38D0C1AA6EDC}"
EndProject
Project("{9A19103F-16F7-4668-BE54-9A1E7A4F7556}") = "LibBundle3", "LibBundle3\LibBundle3.csproj", "{CD9D6239-9E6F-464B-84A8-07BF5EF754C8}"
EndProject
Project("{9A19103F-16F7-4668-BE54-9A1E7A4F7556}") = "LibBundledGGPK3", "LibBundledGGPK3\LibBundledGGPK3.csproj", "{358CA70E-2212-4818-81AD-1CAC7C3CFAAA}"
EndProject
Project("{9A19103F-16F7-4668-BE54-9A1E7A4F7556}") = "GGPK3ModManager", "Examples\GGPK3ModManager\GGPK3ModManager.csproj", "{25FB11E2-2432-4A24-83B1-71A61EB6504A}"
EndProject
Project("{2150E333-8FDC-42A3-9474-1A3956D46DE8}") = "Examples", "Examples", "{BD11E71A-A6B7-40B6-86D9-92A47BDC10FB}"
	ProjectSection(SolutionItems) = preProject
		Examples\EtoForms.props = Examples\EtoForms.props
		Examples\NativeAOT.props = Examples\NativeAOT.props
	EndProjectSection
EndProject
Project("{2150E333-8FDC-42A3-9474-1A3956D46DE8}") = "Solution Items", "Solution Items", "{C3C57078-220C-4BC0-B8BE-30F8D5FC9750}"
	ProjectSection(SolutionItems) = preProject
		Directory.Build.props = Directory.Build.props
		Directory.Build.targets = Directory.Build.targets
		README.md = README.md
	EndProjectSection
EndProject
Global
	GlobalSection(SolutionConfigurationPlatforms) = preSolution
		Debug|Any CPU = Debug|Any CPU
		Release|Any CPU = Release|Any CPU
	EndGlobalSection
	GlobalSection(ProjectConfigurationPlatforms) = postSolution
		{8E31CD36-4D72-40E7-87F0-38D0C1AA6EDC}.Debug|Any CPU.ActiveCfg = Debug|Any CPU
		{8E31CD36-4D72-40E7-87F0-38D0C1AA6EDC}.Debug|Any CPU.Build.0 = Debug|Any CPU
		{8E31CD36-4D72-40E7-87F0-38D0C1AA6EDC}.Release|Any CPU.ActiveCfg = Release|Any CPU
		{8E31CD36-4D72-40E7-87F0-38D0C1AA6EDC}.Release|Any CPU.Build.0 = Release|Any CPU
		{CD9D6239-9E6F-464B-84A8-07BF5EF754C8}.Debug|Any CPU.ActiveCfg = Debug|Any CPU
		{CD9D6239-9E6F-464B-84A8-07BF5EF754C8}.Debug|Any CPU.Build.0 = Debug|Any CPU
		{CD9D6239-9E6F-464B-84A8-07BF5EF754C8}.Release|Any CPU.ActiveCfg = Release|Any CPU
		{CD9D6239-9E6F-464B-84A8-07BF5EF754C8}.Release|Any CPU.Build.0 = Release|Any CPU
		{358CA70E-2212-4818-81AD-1CAC7C3CFAAA}.Debug|Any CPU.ActiveCfg = Debug|Any CPU
		{358CA70E-2212-4818-81AD-1CAC7C3CFAAA}.Debug|Any CPU.Build.0 = Debug|Any CPU
		{358CA70E-2212-4818-81AD-1CAC7C3CFAAA}.Release|Any CPU.ActiveCfg = Release|Any CPU
		{358CA70E-2212-4818-81AD-1CAC7C3CFAAA}.Release|Any CPU.Build.0 = Release|Any CPU
		{25FB11E2-2432-4A24-83B1-71A61EB6504A}.Debug|Any CPU.ActiveCfg = Debug|Any CPU
		{25FB11E2-2432-4A24-83B1-71A61EB6504A}.Debug|Any CPU.Build.0 = Debug|Any CPU
		{25FB11E2-2432-4A24-83B1-71A61EB6504A}.Release|Any CPU.ActiveCfg = Release|Any CPU
		{25FB11E2-2432-4A24-83B1-71A61EB6504A}.Release|Any CPU.Build.0 = Release|Any CPU
	EndGlobalSection
	GlobalSection(SolutionProperties) = preSolution
		HideSolutionNode = FALSE
	EndGlobalSection
	GlobalSection(NestedProjects) = preSolution
		{25FB11E2-2432-4A24-83B1-71A61EB6504A} = {BD11E71A-A6B7-40B6-86D9-92A47BDC10FB}
	EndGlobalSection
	GlobalSection(ExtensibilityGlobals) = postSolution
		SolutionGuid = {3BF68819-7A0C-4E17-B7F4-857F7C09942A}
	EndGlobalSection
EndGlobal
